
Microsoft Visual Studio Solution File, Format Version 12.00
# Visual Studio Version 17
VisualStudioVersion = 17.8.34330.188
MinimumVisualStudioVersion = 10.0.40219.1
Project("{FAE04EC0-301F-11D3-BF4B-00C04F79EFBC}") = "ProEventos.API", "ProEventos.API\ProEventos.API.csproj", "{801EAF06-8C38-4F08-B384-E45CB72C70BC}"
EndProject
Global
	GlobalSection(SolutionConfigurationPlatforms) = preSolution
		Debug|Any CPU = Debug|Any CPU
		Release|Any CPU = Release|Any CPU
	EndGlobalSection
	GlobalSection(ProjectConfigurationPlatforms) = postSolution
		{801EAF06-8C38-4F08-B384-E45CB72C70BC}.Debug|Any CPU.ActiveCfg = Debug|Any CPU
		{801EAF06-8C38-4F08-B384-E45CB72C70BC}.Debug|Any CPU.Build.0 = Debug|Any CPU
		{801EAF06-8C38-4F08-B384-E45CB72C70BC}.Release|Any CPU.ActiveCfg = Release|Any CPU
		{801EAF06-8C38-4F08-B384-E45CB72C70BC}.Release|Any CPU.Build.0 = Release|Any CPU
	EndGlobalSection
	GlobalSection(SolutionProperties) = preSolution
		HideSolutionNode = FALSE
	EndGlobalSection
	GlobalSection(ExtensibilityGlobals) = postSolution
		SolutionGuid = {BBC247FC-2769-4459-8355-5C3AB06FF15A}
	EndGlobalSection
EndGlobal
